
Microsoft Visual Studio Solution File, Format Version 12.00
# Visual Studio Version 16
VisualStudioVersion = 16.0.31829.152
MinimumVisualStudioVersion = 10.0.40219.1
Project("{9A19103F-16F7-4668-BE54-9A1E7A4F7556}") = "CurrencyExchange", "Services\CurrencyExchange\CurrencyExchange.csproj", "{992FC7E9-3D8D-4A89-93A9-B4C908D4F4E0}"
EndProject
Project("{9A19103F-16F7-4668-BE54-9A1E7A4F7556}") = "CurrencyConversion", "Services\CurrencyConversion\CurrencyConversion.csproj", "{1E8422E3-546F-4E5A-B614-1A0C53091B57}"
EndProject
Project("{2150E333-8FDC-42A3-9474-1A3956D46DE8}") = "Solution Items", "Solution Items", "{FA59C997-6F5F-42D0-BD8A-5566ED675E8D}"
	ProjectSection(SolutionItems) = preProject
		docker-compose.yml = docker-compose.yml
	EndProjectSection
EndProject
Project("{2150E333-8FDC-42A3-9474-1A3956D46DE8}") = "Services", "Services", "{246A9836-9AD2-4549-BFEC-E623B3EA19E6}"
EndProject
Project("{2150E333-8FDC-42A3-9474-1A3956D46DE8}") = "CurrencyConversion", "CurrencyConversion", "{C6C7EBB5-EF0E-4244-B03D-46A179825A94}"
EndProject
Project("{2150E333-8FDC-42A3-9474-1A3956D46DE8}") = "CurrencyExchange", "CurrencyExchange", "{C25F28F5-5973-4F49-AE54-51E1EB2EFE9F}"
EndProject
Project("{E53339B2-1760-4266-BCC7-CA923CBCF16C}") = "docker-compose", "docker-compose.dcproj", "{5733D3E9-6F8C-4D1F-9501-43BC4D44EAF8}"
EndProject
Project("{2150E333-8FDC-42A3-9474-1A3956D46DE8}") = "BuildingBlocks", "BuildingBlocks", "{B0C1204E-0564-495B-814E-FED3BC570203}"
EndProject
Project("{9A19103F-16F7-4668-BE54-9A1E7A4F7556}") = "EventBus.Messages", "BuildingBlocks\EventBus.Messages\EventBus.Messages.csproj", "{8D866D44-0989-401D-97D7-3801AD477863}"
EndProject
Global
	GlobalSection(SolutionConfigurationPlatforms) = preSolution
		Debug|Any CPU = Debug|Any CPU
		Release|Any CPU = Release|Any CPU
	EndGlobalSection
	GlobalSection(ProjectConfigurationPlatforms) = postSolution
		{992FC7E9-3D8D-4A89-93A9-B4C908D4F4E0}.Debug|Any CPU.ActiveCfg = Debug|Any CPU
		{992FC7E9-3D8D-4A89-93A9-B4C908D4F4E0}.Debug|Any CPU.Build.0 = Debug|Any CPU
		{992FC7E9-3D8D-4A89-93A9-B4C908D4F4E0}.Release|Any CPU.ActiveCfg = Release|Any CPU
		{992FC7E9-3D8D-4A89-93A9-B4C908D4F4E0}.Release|Any CPU.Build.0 = Release|Any CPU
		{1E8422E3-546F-4E5A-B614-1A0C53091B57}.Debug|Any CPU.ActiveCfg = Debug|Any CPU
		{1E8422E3-546F-4E5A-B614-1A0C53091B57}.Debug|Any CPU.Build.0 = Debug|Any CPU
		{1E8422E3-546F-4E5A-B614-1A0C53091B57}.Release|Any CPU.ActiveCfg = Release|Any CPU
		{1E8422E3-546F-4E5A-B614-1A0C53091B57}.Release|Any CPU.Build.0 = Release|Any CPU
		{5733D3E9-6F8C-4D1F-9501-43BC4D44EAF8}.Debug|Any CPU.ActiveCfg = Debug|Any CPU
		{5733D3E9-6F8C-4D1F-9501-43BC4D44EAF8}.Debug|Any CPU.Build.0 = Debug|Any CPU
		{5733D3E9-6F8C-4D1F-9501-43BC4D44EAF8}.Release|Any CPU.ActiveCfg = Release|Any CPU
		{5733D3E9-6F8C-4D1F-9501-43BC4D44EAF8}.Release|Any CPU.Build.0 = Release|Any CPU
		{8D866D44-0989-401D-97D7-3801AD477863}.Debug|Any CPU.ActiveCfg = Debug|Any CPU
		{8D866D44-0989-401D-97D7-3801AD477863}.Debug|Any CPU.Build.0 = Debug|Any CPU
		{8D866D44-0989-401D-97D7-3801AD477863}.Release|Any CPU.ActiveCfg = Release|Any CPU
		{8D866D44-0989-401D-97D7-3801AD477863}.Release|Any CPU.Build.0 = Release|Any CPU
	EndGlobalSection
	GlobalSection(SolutionProperties) = preSolution
		HideSolutionNode = FALSE
	EndGlobalSection
	GlobalSection(NestedProjects) = preSolution
		{992FC7E9-3D8D-4A89-93A9-B4C908D4F4E0} = {C25F28F5-5973-4F49-AE54-51E1EB2EFE9F}
		{1E8422E3-546F-4E5A-B614-1A0C53091B57} = {C6C7EBB5-EF0E-4244-B03D-46A179825A94}
		{C6C7EBB5-EF0E-4244-B03D-46A179825A94} = {246A9836-9AD2-4549-BFEC-E623B3EA19E6}
		{C25F28F5-5973-4F49-AE54-51E1EB2EFE9F} = {246A9836-9AD2-4549-BFEC-E623B3EA19E6}
		{8D866D44-0989-401D-97D7-3801AD477863} = {B0C1204E-0564-495B-814E-FED3BC570203}
	EndGlobalSection
	GlobalSection(ExtensibilityGlobals) = postSolution
		SolutionGuid = {AB1C82C0-1552-46F4-9514-2A3168488ADC}
	EndGlobalSection
EndGlobal
